// !$*UTF8*$!
{
	archiveVersion = 1;
	classes = {
	};
	objectVersion = 56;
	objects = {

/* Begin PBXBuildFile section */
		F405094F297C501A00C25459 /* Localizable.strings in Resources */ = {isa = PBXBuildFile; fileRef = F4050951297C501A00C25459 /* Localizable.strings */; };
		F46CEF1529B6538F0096B6E1 /* Search in Frameworks */ = {isa = PBXBuildFile; productRef = F46CEF1429B6538F0096B6E1 /* Search */; };
		F46CEF3B29BD9D600096B6E1 /* WidgetKit.framework in Frameworks */ = {isa = PBXBuildFile; fileRef = F46CEF3A29BD9D600096B6E1 /* WidgetKit.framework */; };
		F46CEF3D29BD9D600096B6E1 /* SwiftUI.framework in Frameworks */ = {isa = PBXBuildFile; fileRef = F46CEF3C29BD9D600096B6E1 /* SwiftUI.framework */; };
		F46CEF4029BD9D600096B6E1 /* VisitBundle.swift in Sources */ = {isa = PBXBuildFile; fileRef = F46CEF3F29BD9D600096B6E1 /* VisitBundle.swift */; };
		F46CEF4729BD9D610096B6E1 /* Assets.xcassets in Resources */ = {isa = PBXBuildFile; fileRef = F46CEF4629BD9D610096B6E1 /* Assets.xcassets */; };
		F46CEF4D29BD9D610096B6E1 /* c-search-widget.appex in Embed Foundation Extensions */ = {isa = PBXBuildFile; fileRef = F46CEF3929BD9D600096B6E1 /* c-search-widget.appex */; platformFilters = (ios, macos, ); settings = {ATTRIBUTES = (RemoveHeadersOnCopy, ); }; };
		F496ED6C29C55792009A8B47 /* Widget in Frameworks */ = {isa = PBXBuildFile; productRef = F496ED6B29C55792009A8B47 /* Widget */; };
		F496ED6E29C5C99B009A8B47 /* Activity in Frameworks */ = {isa = PBXBuildFile; productRef = F496ED6D29C5C99B009A8B47 /* Activity */; };
		F4C37D34296AEE2100D0084B /* App.swift in Sources */ = {isa = PBXBuildFile; fileRef = F4C37D33296AEE2100D0084B /* App.swift */; };
		F4C37D38296AEE2200D0084B /* Assets.xcassets in Resources */ = {isa = PBXBuildFile; fileRef = F4C37D37296AEE2200D0084B /* Assets.xcassets */; };
		F4C37D3B296AEE2200D0084B /* PreviewAssets.xcassets in Resources */ = {isa = PBXBuildFile; fileRef = F4C37D3A296AEE2200D0084B /* PreviewAssets.xcassets */; };
		F4FDC7EF2998D9A00057D80A /* App.swift in Sources */ = {isa = PBXBuildFile; fileRef = F4FDC7EE2998D9A00057D80A /* App.swift */; };
		F4FDC7F32998D9A10057D80A /* Assets.xcassets in Resources */ = {isa = PBXBuildFile; fileRef = F4FDC7F22998D9A10057D80A /* Assets.xcassets */; };
		F4FDC7F62998D9A10057D80A /* PreviewAssets.xcassets in Resources */ = {isa = PBXBuildFile; fileRef = F4FDC7F52998D9A10057D80A /* PreviewAssets.xcassets */; };
		F4FDC7FC2998D9A10057D80A /* c-search-clip.app in Embed App Clips */ = {isa = PBXBuildFile; fileRef = F4FDC7EC2998D9A00057D80A /* c-search-clip.app */; platformFilters = (ios, macos, ); settings = {ATTRIBUTES = (RemoveHeadersOnCopy, ); }; };
		F4FDC8042998EEA90057D80A /* Clip in Frameworks */ = {isa = PBXBuildFile; productRef = F4FDC8032998EEA90057D80A /* Clip */; };
/* End PBXBuildFile section */

/* Begin PBXContainerItemProxy section */
		F46CEF4B29BD9D610096B6E1 /* PBXContainerItemProxy */ = {
			isa = PBXContainerItemProxy;
			containerPortal = F4C37D28296AEE2100D0084B /* Project object */;
			proxyType = 1;
			remoteGlobalIDString = F46CEF3829BD9D600096B6E1;
			remoteInfo = VisitExtension;
		};
		F4FDC7F92998D9A10057D80A /* PBXContainerItemProxy */ = {
			isa = PBXContainerItemProxy;
			containerPortal = F4C37D28296AEE2100D0084B /* Project object */;
			proxyType = 1;
			remoteGlobalIDString = F4FDC7EB2998D9A00057D80A;
			remoteInfo = "c-search-clip";
		};
/* End PBXContainerItemProxy section */

/* Begin PBXCopyFilesBuildPhase section */
		F46CEF4E29BD9D610096B6E1 /* Embed Foundation Extensions */ = {
			isa = PBXCopyFilesBuildPhase;
			buildActionMask = 2147483647;
			dstPath = "";
			dstSubfolderSpec = 13;
			files = (
				F46CEF4D29BD9D610096B6E1 /* c-search-widget.appex in Embed Foundation Extensions */,
			);
			name = "Embed Foundation Extensions";
			runOnlyForDeploymentPostprocessing = 0;
		};
		F4FDC7FB2998D9A10057D80A /* Embed App Clips */ = {
			isa = PBXCopyFilesBuildPhase;
			buildActionMask = 2147483647;
			dstPath = "$(CONTENTS_FOLDER_PATH)/AppClips";
			dstSubfolderSpec = 16;
			files = (
				F4FDC7FC2998D9A10057D80A /* c-search-clip.app in Embed App Clips */,
			);
			name = "Embed App Clips";
			runOnlyForDeploymentPostprocessing = 0;
		};
/* End PBXCopyFilesBuildPhase section */

/* Begin PBXFileReference section */
		F4050950297C501A00C25459 /* en */ = {isa = PBXFileReference; lastKnownFileType = text.plist.strings; name = en; path = en.lproj/Localizable.strings; sourceTree = "<group>"; };
		F4050952297C502E00C25459 /* ja */ = {isa = PBXFileReference; lastKnownFileType = text.plist.strings; name = ja; path = ja.lproj/Localizable.strings; sourceTree = "<group>"; };
		F46CEF3929BD9D600096B6E1 /* c-search-widget.appex */ = {isa = PBXFileReference; explicitFileType = "wrapper.app-extension"; includeInIndex = 0; path = "c-search-widget.appex"; sourceTree = BUILT_PRODUCTS_DIR; };
		F46CEF3A29BD9D600096B6E1 /* WidgetKit.framework */ = {isa = PBXFileReference; lastKnownFileType = wrapper.framework; name = WidgetKit.framework; path = System/Library/Frameworks/WidgetKit.framework; sourceTree = SDKROOT; };
		F46CEF3C29BD9D600096B6E1 /* SwiftUI.framework */ = {isa = PBXFileReference; lastKnownFileType = wrapper.framework; name = SwiftUI.framework; path = System/Library/Frameworks/SwiftUI.framework; sourceTree = SDKROOT; };
		F46CEF3F29BD9D600096B6E1 /* VisitBundle.swift */ = {isa = PBXFileReference; lastKnownFileType = sourcecode.swift; path = VisitBundle.swift; sourceTree = "<group>"; };
		F46CEF4629BD9D610096B6E1 /* Assets.xcassets */ = {isa = PBXFileReference; lastKnownFileType = folder.assetcatalog; path = Assets.xcassets; sourceTree = "<group>"; };
		F46CEF4829BD9D610096B6E1 /* Info.plist */ = {isa = PBXFileReference; lastKnownFileType = text.plist.xml; path = Info.plist; sourceTree = "<group>"; };
		F4A283A8296B47010040608F /* c-search-Info.plist */ = {isa = PBXFileReference; lastKnownFileType = text.plist; path = "c-search-Info.plist"; sourceTree = "<group>"; };
		F4C37D30296AEE2100D0084B /* c-search.app */ = {isa = PBXFileReference; explicitFileType = wrapper.application; includeInIndex = 0; path = "c-search.app"; sourceTree = BUILT_PRODUCTS_DIR; };
		F4C37D33296AEE2100D0084B /* App.swift */ = {isa = PBXFileReference; lastKnownFileType = sourcecode.swift; path = App.swift; sourceTree = "<group>"; };
		F4C37D37296AEE2200D0084B /* Assets.xcassets */ = {isa = PBXFileReference; lastKnownFileType = folder.assetcatalog; path = Assets.xcassets; sourceTree = "<group>"; };
		F4C37D3A296AEE2200D0084B /* PreviewAssets.xcassets */ = {isa = PBXFileReference; lastKnownFileType = folder.assetcatalog; path = PreviewAssets.xcassets; sourceTree = "<group>"; };
		F4C37D44296AF1AB00D0084B /* Package */ = {isa = PBXFileReference; lastKnownFileType = wrapper; path = Package; sourceTree = "<group>"; };
		F4E5499529C0E55400F7C085 /* c-search-widget.entitlements */ = {isa = PBXFileReference; lastKnownFileType = text.plist.entitlements; path = "c-search-widget.entitlements"; sourceTree = "<group>"; };
		F4FDC7EC2998D9A00057D80A /* c-search-clip.app */ = {isa = PBXFileReference; explicitFileType = wrapper.application; includeInIndex = 0; path = "c-search-clip.app"; sourceTree = BUILT_PRODUCTS_DIR; };
		F4FDC7EE2998D9A00057D80A /* App.swift */ = {isa = PBXFileReference; lastKnownFileType = sourcecode.swift; path = App.swift; sourceTree = "<group>"; };
		F4FDC7F22998D9A10057D80A /* Assets.xcassets */ = {isa = PBXFileReference; lastKnownFileType = folder.assetcatalog; path = Assets.xcassets; sourceTree = "<group>"; };
		F4FDC7F52998D9A10057D80A /* PreviewAssets.xcassets */ = {isa = PBXFileReference; lastKnownFileType = folder.assetcatalog; path = PreviewAssets.xcassets; sourceTree = "<group>"; };
		F4FDC7F72998D9A10057D80A /* Info.plist */ = {isa = PBXFileReference; lastKnownFileType = text.plist.xml; path = Info.plist; sourceTree = "<group>"; };
		F4FDC7F82998D9A10057D80A /* AppClip.entitlements */ = {isa = PBXFileReference; lastKnownFileType = text.plist.entitlements; path = AppClip.entitlements; sourceTree = "<group>"; };
		F4FDC805299912E70057D80A /* c-search.entitlements */ = {isa = PBXFileReference; lastKnownFileType = text.plist.entitlements; path = "c-search.entitlements"; sourceTree = "<group>"; };
/* End PBXFileReference section */

/* Begin PBXFrameworksBuildPhase section */
		F46CEF3629BD9D600096B6E1 /* Frameworks */ = {
			isa = PBXFrameworksBuildPhase;
			buildActionMask = 2147483647;
			files = (
				F46CEF3D29BD9D600096B6E1 /* SwiftUI.framework in Frameworks */,
				F496ED6E29C5C99B009A8B47 /* Activity in Frameworks */,
				F46CEF3B29BD9D600096B6E1 /* WidgetKit.framework in Frameworks */,
				F496ED6C29C55792009A8B47 /* Widget in Frameworks */,
			);
			runOnlyForDeploymentPostprocessing = 0;
		};
		F4C37D2D296AEE2100D0084B /* Frameworks */ = {
			isa = PBXFrameworksBuildPhase;
			buildActionMask = 2147483647;
			files = (
				F46CEF1529B6538F0096B6E1 /* Search in Frameworks */,
			);
			runOnlyForDeploymentPostprocessing = 0;
		};
		F4FDC7E92998D9A00057D80A /* Frameworks */ = {
			isa = PBXFrameworksBuildPhase;
			buildActionMask = 2147483647;
			files = (
				F4FDC8042998EEA90057D80A /* Clip in Frameworks */,
			);
			runOnlyForDeploymentPostprocessing = 0;
		};
/* End PBXFrameworksBuildPhase section */

/* Begin PBXGroup section */
		F46CEF3E29BD9D600096B6E1 /* Widget */ = {
			isa = PBXGroup;
			children = (
				F46CEF3F29BD9D600096B6E1 /* VisitBundle.swift */,
				F46CEF4629BD9D610096B6E1 /* Assets.xcassets */,
				F46CEF4829BD9D610096B6E1 /* Info.plist */,
			);
			path = Widget;
			sourceTree = "<group>";
		};
		F4A283A5296AF47E0040608F /* Frameworks */ = {
			isa = PBXGroup;
			children = (
				F46CEF3A29BD9D600096B6E1 /* WidgetKit.framework */,
				F46CEF3C29BD9D600096B6E1 /* SwiftUI.framework */,
			);
			name = Frameworks;
			sourceTree = "<group>";
		};
		F4C37D27296AEE2100D0084B = {
			isa = PBXGroup;
			children = (
				F4E5499529C0E55400F7C085 /* c-search-widget.entitlements */,
				F4FDC805299912E70057D80A /* c-search.entitlements */,
				F4A283A8296B47010040608F /* c-search-Info.plist */,
				F4C37D44296AF1AB00D0084B /* Package */,
				F4C37D32296AEE2100D0084B /* App */,
				F4FDC7ED2998D9A00057D80A /* AppClip */,
				F46CEF3E29BD9D600096B6E1 /* Widget */,
				F4C37D31296AEE2100D0084B /* Products */,
				F4A283A5296AF47E0040608F /* Frameworks */,
			);
			sourceTree = "<group>";
		};
		F4C37D31296AEE2100D0084B /* Products */ = {
			isa = PBXGroup;
			children = (
				F4C37D30296AEE2100D0084B /* c-search.app */,
				F4FDC7EC2998D9A00057D80A /* c-search-clip.app */,
				F46CEF3929BD9D600096B6E1 /* c-search-widget.appex */,
			);
			name = Products;
			sourceTree = "<group>";
		};
		F4C37D32296AEE2100D0084B /* App */ = {
			isa = PBXGroup;
			children = (
				F4C37D33296AEE2100D0084B /* App.swift */,
				F4C37D37296AEE2200D0084B /* Assets.xcassets */,
				F4C37D39296AEE2200D0084B /* PreviewContent */,
				F4050951297C501A00C25459 /* Localizable.strings */,
			);
			path = App;
			sourceTree = "<group>";
		};
		F4C37D39296AEE2200D0084B /* PreviewContent */ = {
			isa = PBXGroup;
			children = (
				F4C37D3A296AEE2200D0084B /* PreviewAssets.xcassets */,
			);
			path = PreviewContent;
			sourceTree = "<group>";
		};
		F4FDC7ED2998D9A00057D80A /* AppClip */ = {
			isa = PBXGroup;
			children = (
				F4FDC7EE2998D9A00057D80A /* App.swift */,
				F4FDC7F22998D9A10057D80A /* Assets.xcassets */,
				F4FDC7F72998D9A10057D80A /* Info.plist */,
				F4FDC7F82998D9A10057D80A /* AppClip.entitlements */,
				F4FDC7F42998D9A10057D80A /* PreviewContent */,
			);
			path = AppClip;
			sourceTree = "<group>";
		};
		F4FDC7F42998D9A10057D80A /* PreviewContent */ = {
			isa = PBXGroup;
			children = (
				F4FDC7F52998D9A10057D80A /* PreviewAssets.xcassets */,
			);
			path = PreviewContent;
			sourceTree = "<group>";
		};
/* End PBXGroup section */

/* Begin PBXNativeTarget section */
		F46CEF3829BD9D600096B6E1 /* c-search-widget */ = {
			isa = PBXNativeTarget;
			buildConfigurationList = F46CEF5129BD9D610096B6E1 /* Build configuration list for PBXNativeTarget "c-search-widget" */;
			buildPhases = (
				F46CEF3529BD9D600096B6E1 /* Sources */,
				F46CEF3629BD9D600096B6E1 /* Frameworks */,
				F46CEF3729BD9D600096B6E1 /* Resources */,
			);
			buildRules = (
			);
			dependencies = (
			);
			name = "c-search-widget";
			packageProductDependencies = (
				F496ED6B29C55792009A8B47 /* Widget */,
				F496ED6D29C5C99B009A8B47 /* Activity */,
			);
			productName = VisitExtension;
			productReference = F46CEF3929BD9D600096B6E1 /* c-search-widget.appex */;
			productType = "com.apple.product-type.app-extension";
		};
		F4C37D2F296AEE2100D0084B /* c-search */ = {
			isa = PBXNativeTarget;
			buildConfigurationList = F4C37D3E296AEE2200D0084B /* Build configuration list for PBXNativeTarget "c-search" */;
			buildPhases = (
				F4C37D2C296AEE2100D0084B /* Sources */,
				F4C37D2D296AEE2100D0084B /* Frameworks */,
				F4FDC7E729979DDB0057D80A /* Setting Environment Variables */,
				F4C37D2E296AEE2100D0084B /* Resources */,
				F4FDC7FB2998D9A10057D80A /* Embed App Clips */,
				F46CEF4E29BD9D610096B6E1 /* Embed Foundation Extensions */,
			);
			buildRules = (
			);
			dependencies = (
				F4FDC7FA2998D9A10057D80A /* PBXTargetDependency */,
				F46CEF4C29BD9D610096B6E1 /* PBXTargetDependency */,
			);
			name = "c-search";
			packageProductDependencies = (
				F46CEF1429B6538F0096B6E1 /* Search */,
			);
			productName = "c-search";
			productReference = F4C37D30296AEE2100D0084B /* c-search.app */;
			productType = "com.apple.product-type.application";
		};
		F4FDC7EB2998D9A00057D80A /* c-search-clip */ = {
			isa = PBXNativeTarget;
			buildConfigurationList = F4FDC7FF2998D9A10057D80A /* Build configuration list for PBXNativeTarget "c-search-clip" */;
			buildPhases = (
				F4FDC7E82998D9A00057D80A /* Sources */,
				F4FDC7E92998D9A00057D80A /* Frameworks */,
				F4FDC8022998E0F70057D80A /* Setting Environment Variables */,
				F4FDC7EA2998D9A00057D80A /* Resources */,
			);
			buildRules = (
			);
			dependencies = (
			);
			name = "c-search-clip";
			packageProductDependencies = (
				F4FDC8032998EEA90057D80A /* Clip */,
			);
			productName = "c-search-clip";
			productReference = F4FDC7EC2998D9A00057D80A /* c-search-clip.app */;
			productType = "com.apple.product-type.application.on-demand-install-capable";
		};
/* End PBXNativeTarget section */

/* Begin PBXProject section */
		F4C37D28296AEE2100D0084B /* Project object */ = {
			isa = PBXProject;
			attributes = {
				BuildIndependentTargetsInParallel = 1;
				LastSwiftUpdateCheck = 1420;
				LastUpgradeCheck = 1420;
				TargetAttributes = {
					F46CEF3829BD9D600096B6E1 = {
						CreatedOnToolsVersion = 14.2;
					};
					F4C37D2F296AEE2100D0084B = {
						CreatedOnToolsVersion = 14.2;
					};
					F4FDC7EB2998D9A00057D80A = {
						CreatedOnToolsVersion = 14.2;
					};
				};
			};
			buildConfigurationList = F4C37D2B296AEE2100D0084B /* Build configuration list for PBXProject "c-search" */;
			compatibilityVersion = "Xcode 14.0";
			developmentRegion = en;
			hasScannedForEncodings = 0;
			knownRegions = (
				en,
				Base,
				ja,
			);
			mainGroup = F4C37D27296AEE2100D0084B;
			productRefGroup = F4C37D31296AEE2100D0084B /* Products */;
			projectDirPath = "";
			projectRoot = "";
			targets = (
				F4C37D2F296AEE2100D0084B /* c-search */,
				F4FDC7EB2998D9A00057D80A /* c-search-clip */,
				F46CEF3829BD9D600096B6E1 /* c-search-widget */,
			);
		};
/* End PBXProject section */

/* Begin PBXResourcesBuildPhase section */
		F46CEF3729BD9D600096B6E1 /* Resources */ = {
			isa = PBXResourcesBuildPhase;
			buildActionMask = 2147483647;
			files = (
				F46CEF4729BD9D610096B6E1 /* Assets.xcassets in Resources */,
			);
			runOnlyForDeploymentPostprocessing = 0;
		};
		F4C37D2E296AEE2100D0084B /* Resources */ = {
			isa = PBXResourcesBuildPhase;
			buildActionMask = 2147483647;
			files = (
				F4C37D3B296AEE2200D0084B /* PreviewAssets.xcassets in Resources */,
				F405094F297C501A00C25459 /* Localizable.strings in Resources */,
				F4C37D38296AEE2200D0084B /* Assets.xcassets in Resources */,
			);
			runOnlyForDeploymentPostprocessing = 0;
		};
		F4FDC7EA2998D9A00057D80A /* Resources */ = {
			isa = PBXResourcesBuildPhase;
			buildActionMask = 2147483647;
			files = (
				F4FDC7F62998D9A10057D80A /* PreviewAssets.xcassets in Resources */,
				F4FDC7F32998D9A10057D80A /* Assets.xcassets in Resources */,
			);
			runOnlyForDeploymentPostprocessing = 0;
		};
/* End PBXResourcesBuildPhase section */

/* Begin PBXShellScriptBuildPhase section */
		F4FDC7E729979DDB0057D80A /* Setting Environment Variables */ = {
			isa = PBXShellScriptBuildPhase;
			alwaysOutOfDate = 1;
			buildActionMask = 2147483647;
			files = (
			);
			inputFileListPaths = (
			);
			inputPaths = (
				"$(TEMP_DIR)/Preprocessed-Info.plist",
			);
			name = "Setting Environment Variables";
			outputFileListPaths = (
			);
			outputPaths = (
			);
			runOnlyForDeploymentPostprocessing = 0;
			shellPath = /bin/sh;
			shellScript = "if [ ! \"${NTA_API_KEY}\" ];then\n    export NTA_API_KEY=\"$(security find-generic-password -a NATIONAL-TAX-AGENCY -s NTA-API-KEY -w)\"\nfi\nif [ ! \"${NTA_API_KEY}\" ];then\n    echo \"error: NTA_API_KEY does not exist in Keychain Access\"\nfi\n/usr/libexec/PlistBuddy -c \"Set:LSEnvironment:NATIONAL_TAX_AGENCY_API_KEY ${NTA_API_KEY}\" \"${TEMP_DIR}/Preprocessed-Info.plist\"\n";
		};
		F4FDC8022998E0F70057D80A /* Setting Environment Variables */ = {
			isa = PBXShellScriptBuildPhase;
			alwaysOutOfDate = 1;
			buildActionMask = 2147483647;
			files = (
			);
			inputFileListPaths = (
			);
			inputPaths = (
				"$(TEMP_DIR)/Preprocessed-Info.plist",
			);
			name = "Setting Environment Variables";
			outputFileListPaths = (
			);
			outputPaths = (
			);
			runOnlyForDeploymentPostprocessing = 0;
			shellPath = /bin/sh;
			shellScript = "if [ ! \"${NTA_API_KEY}\" ];then\n    export NTA_API_KEY=\"$(security find-generic-password -a NATIONAL-TAX-AGENCY -s NTA-API-KEY -w)\"\nfi\nif [ ! \"${NTA_API_KEY}\" ];then\n    echo \"error: NTA_API_KEY does not exist in Keychain Access\"\nfi\nif [ ! \"${TEMP_DIR}/Preprocessed-Info.plist\" ];then\n    echo \"error: Info.plist does not exist in ${TEMP_DIR}\"\nfi\n/usr/libexec/PlistBuddy -c \"Set:LSEnvironment:NATIONAL_TAX_AGENCY_API_KEY ${NTA_API_KEY}\" \"${TEMP_DIR}/Preprocessed-Info.plist\"\n";
		};
/* End PBXShellScriptBuildPhase section */

/* Begin PBXSourcesBuildPhase section */
		F46CEF3529BD9D600096B6E1 /* Sources */ = {
			isa = PBXSourcesBuildPhase;
			buildActionMask = 2147483647;
			files = (
				F46CEF4029BD9D600096B6E1 /* VisitBundle.swift in Sources */,
			);
			runOnlyForDeploymentPostprocessing = 0;
		};
		F4C37D2C296AEE2100D0084B /* Sources */ = {
			isa = PBXSourcesBuildPhase;
			buildActionMask = 2147483647;
			files = (
				F4C37D34296AEE2100D0084B /* App.swift in Sources */,
			);
			runOnlyForDeploymentPostprocessing = 0;
		};
		F4FDC7E82998D9A00057D80A /* Sources */ = {
			isa = PBXSourcesBuildPhase;
			buildActionMask = 2147483647;
			files = (
				F4FDC7EF2998D9A00057D80A /* App.swift in Sources */,
			);
			runOnlyForDeploymentPostprocessing = 0;
		};
/* End PBXSourcesBuildPhase section */

/* Begin PBXTargetDependency section */
		F46CEF4C29BD9D610096B6E1 /* PBXTargetDependency */ = {
			isa = PBXTargetDependency;
			platformFilters = (
				ios,
				macos,
			);
			target = F46CEF3829BD9D600096B6E1 /* c-search-widget */;
			targetProxy = F46CEF4B29BD9D610096B6E1 /* PBXContainerItemProxy */;
		};
		F4FDC7FA2998D9A10057D80A /* PBXTargetDependency */ = {
			isa = PBXTargetDependency;
			platformFilters = (
				ios,
				macos,
			);
			target = F4FDC7EB2998D9A00057D80A /* c-search-clip */;
			targetProxy = F4FDC7F92998D9A10057D80A /* PBXContainerItemProxy */;
		};
/* End PBXTargetDependency section */

/* Begin PBXVariantGroup section */
		F4050951297C501A00C25459 /* Localizable.strings */ = {
			isa = PBXVariantGroup;
			children = (
				F4050950297C501A00C25459 /* en */,
				F4050952297C502E00C25459 /* ja */,
			);
			name = Localizable.strings;
			sourceTree = "<group>";
		};
/* End PBXVariantGroup section */

/* Begin XCBuildConfiguration section */
		F46CEF4F29BD9D610096B6E1 /* Debug */ = {
			isa = XCBuildConfiguration;
			buildSettings = {
				ALLOW_TARGET_PLATFORM_SPECIALIZATION = YES;
				ASSETCATALOG_COMPILER_GLOBAL_ACCENT_COLOR_NAME = AccentColor;
				ASSETCATALOG_COMPILER_WIDGET_BACKGROUND_COLOR_NAME = WidgetBackground;
				CODE_SIGN_ENTITLEMENTS = "c-search-widget.entitlements";
				CODE_SIGN_STYLE = Automatic;
				CURRENT_PROJECT_VERSION = 1;
				DEVELOPMENT_TEAM = Y6Y8U7YGDU;
				GENERATE_INFOPLIST_FILE = YES;
				INFOPLIST_FILE = Widget/Info.plist;
				INFOPLIST_KEY_CFBundleDisplayName = Visit;
				INFOPLIST_KEY_NSHumanReadableCopyright = "";
				LD_RUNPATH_SEARCH_PATHS = (
					"$(inherited)",
					"@executable_path/Frameworks",
					"@executable_path/../../Frameworks",
				);
				MACOSX_DEPLOYMENT_TARGET = 13.0;
				MARKETING_VERSION = 1.0;
				PRODUCT_BUNDLE_IDENTIFIER = "com.akkeylab.c-search.visit";
				PRODUCT_NAME = "$(TARGET_NAME)";
				SKIP_INSTALL = YES;
				SUPPORTED_PLATFORMS = "watchsimulator watchos macosx iphonesimulator iphoneos";
				SUPPORTS_MACCATALYST = YES;
				SWIFT_EMIT_LOC_STRINGS = YES;
				SWIFT_VERSION = 5.0;
				TARGETED_DEVICE_FAMILY = "1,2";
			};
			name = Debug;
		};
		F46CEF5029BD9D610096B6E1 /* Release */ = {
			isa = XCBuildConfiguration;
			buildSettings = {
				ALLOW_TARGET_PLATFORM_SPECIALIZATION = YES;
				ASSETCATALOG_COMPILER_GLOBAL_ACCENT_COLOR_NAME = AccentColor;
				ASSETCATALOG_COMPILER_WIDGET_BACKGROUND_COLOR_NAME = WidgetBackground;
				CODE_SIGN_ENTITLEMENTS = "c-search-widget.entitlements";
				CODE_SIGN_STYLE = Automatic;
				CURRENT_PROJECT_VERSION = 1;
				DEVELOPMENT_TEAM = Y6Y8U7YGDU;
				GENERATE_INFOPLIST_FILE = YES;
				INFOPLIST_FILE = Widget/Info.plist;
				INFOPLIST_KEY_CFBundleDisplayName = Visit;
				INFOPLIST_KEY_NSHumanReadableCopyright = "";
				LD_RUNPATH_SEARCH_PATHS = (
					"$(inherited)",
					"@executable_path/Frameworks",
					"@executable_path/../../Frameworks",
				);
				MACOSX_DEPLOYMENT_TARGET = 13.0;
				MARKETING_VERSION = 1.0;
				PRODUCT_BUNDLE_IDENTIFIER = "com.akkeylab.c-search.visit";
				PRODUCT_NAME = "$(TARGET_NAME)";
				SKIP_INSTALL = YES;
				SUPPORTED_PLATFORMS = "watchsimulator watchos macosx iphonesimulator iphoneos";
				SUPPORTS_MACCATALYST = YES;
				SWIFT_EMIT_LOC_STRINGS = YES;
				SWIFT_VERSION = 5.0;
				TARGETED_DEVICE_FAMILY = "1,2";
			};
			name = Release;
		};
		F4C37D3C296AEE2200D0084B /* Debug */ = {
			isa = XCBuildConfiguration;
			buildSettings = {
				ALWAYS_SEARCH_USER_PATHS = NO;
				CLANG_ANALYZER_LOCALIZABILITY_NONLOCALIZED = YES;
				CLANG_ANALYZER_NONNULL = YES;
				CLANG_ANALYZER_NUMBER_OBJECT_CONVERSION = YES_AGGRESSIVE;
				CLANG_CXX_LANGUAGE_STANDARD = "gnu++20";
				CLANG_ENABLE_MODULES = YES;
				CLANG_ENABLE_OBJC_ARC = YES;
				CLANG_ENABLE_OBJC_WEAK = YES;
				CLANG_WARN_BLOCK_CAPTURE_AUTORELEASING = YES;
				CLANG_WARN_BOOL_CONVERSION = YES;
				CLANG_WARN_COMMA = YES;
				CLANG_WARN_CONSTANT_CONVERSION = YES;
				CLANG_WARN_DEPRECATED_OBJC_IMPLEMENTATIONS = YES;
				CLANG_WARN_DIRECT_OBJC_ISA_USAGE = YES_ERROR;
				CLANG_WARN_DOCUMENTATION_COMMENTS = YES;
				CLANG_WARN_EMPTY_BODY = YES;
				CLANG_WARN_ENUM_CONVERSION = YES;
				CLANG_WARN_INFINITE_RECURSION = YES;
				CLANG_WARN_INT_CONVERSION = YES;
				CLANG_WARN_NON_LITERAL_NULL_CONVERSION = YES;
				CLANG_WARN_OBJC_IMPLICIT_RETAIN_SELF = YES;
				CLANG_WARN_OBJC_LITERAL_CONVERSION = YES;
				CLANG_WARN_OBJC_ROOT_CLASS = YES_ERROR;
				CLANG_WARN_QUOTED_INCLUDE_IN_FRAMEWORK_HEADER = YES;
				CLANG_WARN_RANGE_LOOP_ANALYSIS = YES;
				CLANG_WARN_STRICT_PROTOTYPES = YES;
				CLANG_WARN_SUSPICIOUS_MOVE = YES;
				CLANG_WARN_UNGUARDED_AVAILABILITY = YES_AGGRESSIVE;
				CLANG_WARN_UNREACHABLE_CODE = YES;
				CLANG_WARN__DUPLICATE_METHOD_MATCH = YES;
				COPY_PHASE_STRIP = NO;
				DEBUG_INFORMATION_FORMAT = dwarf;
				ENABLE_STRICT_OBJC_MSGSEND = YES;
				ENABLE_TESTABILITY = YES;
				GCC_C_LANGUAGE_STANDARD = gnu11;
				GCC_DYNAMIC_NO_PIC = NO;
				GCC_NO_COMMON_BLOCKS = YES;
				GCC_OPTIMIZATION_LEVEL = 0;
				GCC_PREPROCESSOR_DEFINITIONS = (
					"DEBUG=1",
					"$(inherited)",
				);
				GCC_WARN_64_TO_32_BIT_CONVERSION = YES;
				GCC_WARN_ABOUT_RETURN_TYPE = YES_ERROR;
				GCC_WARN_UNDECLARED_SELECTOR = YES;
				GCC_WARN_UNINITIALIZED_AUTOS = YES_AGGRESSIVE;
				GCC_WARN_UNUSED_FUNCTION = YES;
				GCC_WARN_UNUSED_VARIABLE = YES;
				IPHONEOS_DEPLOYMENT_TARGET = 16.2;
				MTL_ENABLE_DEBUG_INFO = INCLUDE_SOURCE;
				MTL_FAST_MATH = YES;
				ONLY_ACTIVE_ARCH = YES;
				SDKROOT = iphoneos;
				SWIFT_ACTIVE_COMPILATION_CONDITIONS = DEBUG;
				SWIFT_OPTIMIZATION_LEVEL = "-Onone";
			};
			name = Debug;
		};
		F4C37D3D296AEE2200D0084B /* Release */ = {
			isa = XCBuildConfiguration;
			buildSettings = {
				ALWAYS_SEARCH_USER_PATHS = NO;
				CLANG_ANALYZER_LOCALIZABILITY_NONLOCALIZED = YES;
				CLANG_ANALYZER_NONNULL = YES;
				CLANG_ANALYZER_NUMBER_OBJECT_CONVERSION = YES_AGGRESSIVE;
				CLANG_CXX_LANGUAGE_STANDARD = "gnu++20";
				CLANG_ENABLE_MODULES = YES;
				CLANG_ENABLE_OBJC_ARC = YES;
				CLANG_ENABLE_OBJC_WEAK = YES;
				CLANG_WARN_BLOCK_CAPTURE_AUTORELEASING = YES;
				CLANG_WARN_BOOL_CONVERSION = YES;
				CLANG_WARN_COMMA = YES;
				CLANG_WARN_CONSTANT_CONVERSION = YES;
				CLANG_WARN_DEPRECATED_OBJC_IMPLEMENTATIONS = YES;
				CLANG_WARN_DIRECT_OBJC_ISA_USAGE = YES_ERROR;
				CLANG_WARN_DOCUMENTATION_COMMENTS = YES;
				CLANG_WARN_EMPTY_BODY = YES;
				CLANG_WARN_ENUM_CONVERSION = YES;
				CLANG_WARN_INFINITE_RECURSION = YES;
				CLANG_WARN_INT_CONVERSION = YES;
				CLANG_WARN_NON_LITERAL_NULL_CONVERSION = YES;
				CLANG_WARN_OBJC_IMPLICIT_RETAIN_SELF = YES;
				CLANG_WARN_OBJC_LITERAL_CONVERSION = YES;
				CLANG_WARN_OBJC_ROOT_CLASS = YES_ERROR;
				CLANG_WARN_QUOTED_INCLUDE_IN_FRAMEWORK_HEADER = YES;
				CLANG_WARN_RANGE_LOOP_ANALYSIS = YES;
				CLANG_WARN_STRICT_PROTOTYPES = YES;
				CLANG_WARN_SUSPICIOUS_MOVE = YES;
				CLANG_WARN_UNGUARDED_AVAILABILITY = YES_AGGRESSIVE;
				CLANG_WARN_UNREACHABLE_CODE = YES;
				CLANG_WARN__DUPLICATE_METHOD_MATCH = YES;
				COPY_PHASE_STRIP = NO;
				DEBUG_INFORMATION_FORMAT = "dwarf-with-dsym";
				ENABLE_NS_ASSERTIONS = NO;
				ENABLE_STRICT_OBJC_MSGSEND = YES;
				GCC_C_LANGUAGE_STANDARD = gnu11;
				GCC_NO_COMMON_BLOCKS = YES;
				GCC_WARN_64_TO_32_BIT_CONVERSION = YES;
				GCC_WARN_ABOUT_RETURN_TYPE = YES_ERROR;
				GCC_WARN_UNDECLARED_SELECTOR = YES;
				GCC_WARN_UNINITIALIZED_AUTOS = YES_AGGRESSIVE;
				GCC_WARN_UNUSED_FUNCTION = YES;
				GCC_WARN_UNUSED_VARIABLE = YES;
				IPHONEOS_DEPLOYMENT_TARGET = 16.2;
				MTL_ENABLE_DEBUG_INFO = NO;
				MTL_FAST_MATH = YES;
				SDKROOT = iphoneos;
				SWIFT_COMPILATION_MODE = wholemodule;
				SWIFT_OPTIMIZATION_LEVEL = "-O";
				VALIDATE_PRODUCT = YES;
			};
			name = Release;
		};
		F4C37D3F296AEE2200D0084B /* Debug */ = {
			isa = XCBuildConfiguration;
			buildSettings = {
				ALWAYS_EMBED_SWIFT_STANDARD_LIBRARIES = YES;
				ASSETCATALOG_COMPILER_APPICON_NAME = AppIcon;
				ASSETCATALOG_COMPILER_GLOBAL_ACCENT_COLOR_NAME = AccentColor;
				CODE_SIGN_ENTITLEMENTS = "c-search.entitlements";
				CODE_SIGN_STYLE = Automatic;
				CURRENT_PROJECT_VERSION = 1;
				DEVELOPMENT_ASSET_PATHS = "\"App/PreviewContent\"";
				DEVELOPMENT_TEAM = Y6Y8U7YGDU;
				ENABLE_PREVIEWS = YES;
				GENERATE_INFOPLIST_FILE = YES;
				INFOPLIST_FILE = "c-search-Info.plist";
				INFOPLIST_KEY_LSApplicationCategoryType = "public.app-category.business";
				INFOPLIST_KEY_NSSupportsLiveActivities = YES;
				INFOPLIST_KEY_UIApplicationSceneManifest_Generation = YES;
				INFOPLIST_KEY_UIApplicationSupportsIndirectInputEvents = YES;
				INFOPLIST_KEY_UILaunchScreen_Generation = YES;
				INFOPLIST_KEY_UISupportedInterfaceOrientations_iPad = "UIInterfaceOrientationPortrait UIInterfaceOrientationPortraitUpsideDown UIInterfaceOrientationLandscapeLeft UIInterfaceOrientationLandscapeRight";
				INFOPLIST_KEY_UISupportedInterfaceOrientations_iPhone = "UIInterfaceOrientationPortrait UIInterfaceOrientationLandscapeLeft UIInterfaceOrientationLandscapeRight";
				INFOPLIST_PREPROCESS = YES;
				IPHONEOS_DEPLOYMENT_TARGET = 17.0;
				LD_RUNPATH_SEARCH_PATHS = (
					"$(inherited)",
					"@executable_path/Frameworks",
				);
				MACOSX_DEPLOYMENT_TARGET = 14.0;
				MARKETING_VERSION = 1.0;
				PRODUCT_BUNDLE_IDENTIFIER = "com.akkeylab.c-search";
				PRODUCT_NAME = "$(TARGET_NAME)";
				SUPPORTED_PLATFORMS = "iphoneos iphonesimulator macosx xros xrsimulator";
				SUPPORTS_MACCATALYST = NO;
				SUPPORTS_MAC_DESIGNED_FOR_IPHONE_IPAD = NO;
				SUPPORTS_XR_DESIGNED_FOR_IPHONE_IPAD = NO;
				SWIFT_EMIT_LOC_STRINGS = YES;
				SWIFT_VERSION = 5.0;
				TARGETED_DEVICE_FAMILY = "1,2,7";
			};
			name = Debug;
		};
		F4C37D40296AEE2200D0084B /* Release */ = {
			isa = XCBuildConfiguration;
			buildSettings = {
				ALWAYS_EMBED_SWIFT_STANDARD_LIBRARIES = YES;
				ASSETCATALOG_COMPILER_APPICON_NAME = AppIcon;
				ASSETCATALOG_COMPILER_GLOBAL_ACCENT_COLOR_NAME = AccentColor;
				CODE_SIGN_ENTITLEMENTS = "c-search.entitlements";
				CODE_SIGN_STYLE = Automatic;
				CURRENT_PROJECT_VERSION = 1;
				DEVELOPMENT_ASSET_PATHS = "\"App/PreviewContent\"";
				DEVELOPMENT_TEAM = Y6Y8U7YGDU;
				ENABLE_PREVIEWS = YES;
				GENERATE_INFOPLIST_FILE = YES;
				INFOPLIST_FILE = "c-search-Info.plist";
				INFOPLIST_KEY_LSApplicationCategoryType = "public.app-category.business";
				INFOPLIST_KEY_NSSupportsLiveActivities = YES;
				INFOPLIST_KEY_UIApplicationSceneManifest_Generation = YES;
				INFOPLIST_KEY_UIApplicationSupportsIndirectInputEvents = YES;
				INFOPLIST_KEY_UILaunchScreen_Generation = YES;
				INFOPLIST_KEY_UISupportedInterfaceOrientations_iPad = "UIInterfaceOrientationPortrait UIInterfaceOrientationPortraitUpsideDown UIInterfaceOrientationLandscapeLeft UIInterfaceOrientationLandscapeRight";
				INFOPLIST_KEY_UISupportedInterfaceOrientations_iPhone = "UIInterfaceOrientationPortrait UIInterfaceOrientationLandscapeLeft UIInterfaceOrientationLandscapeRight";
				INFOPLIST_PREPROCESS = YES;
				IPHONEOS_DEPLOYMENT_TARGET = 17.0;
				LD_RUNPATH_SEARCH_PATHS = (
					"$(inherited)",
					"@executable_path/Frameworks",
				);
				MACOSX_DEPLOYMENT_TARGET = 14.0;
				MARKETING_VERSION = 1.0;
				PRODUCT_BUNDLE_IDENTIFIER = "com.akkeylab.c-search";
				PRODUCT_NAME = "$(TARGET_NAME)";
				SUPPORTED_PLATFORMS = "iphoneos iphonesimulator macosx xros xrsimulator";
				SUPPORTS_MACCATALYST = NO;
				SUPPORTS_MAC_DESIGNED_FOR_IPHONE_IPAD = NO;
				SUPPORTS_XR_DESIGNED_FOR_IPHONE_IPAD = NO;
				SWIFT_EMIT_LOC_STRINGS = YES;
				SWIFT_VERSION = 5.0;
				TARGETED_DEVICE_FAMILY = "1,2,7";
			};
			name = Release;
		};
		F4FDC7FD2998D9A10057D80A /* Debug */ = {
			isa = XCBuildConfiguration;
			buildSettings = {
				ASSETCATALOG_COMPILER_APPICON_NAME = AppIcon;
				ASSETCATALOG_COMPILER_GLOBAL_ACCENT_COLOR_NAME = AccentColor;
				CODE_SIGN_ENTITLEMENTS = AppClip/AppClip.entitlements;
				CODE_SIGN_STYLE = Automatic;
				CURRENT_PROJECT_VERSION = 1;
				DEVELOPMENT_ASSET_PATHS = "\"AppClip/PreviewContent\"";
				DEVELOPMENT_TEAM = Y6Y8U7YGDU;
				ENABLE_PREVIEWS = YES;
				GENERATE_INFOPLIST_FILE = YES;
				INFOPLIST_FILE = AppClip/Info.plist;
				INFOPLIST_KEY_CFBundleDisplayName = "c-search";
				INFOPLIST_KEY_LSApplicationCategoryType = "public.app-category.business";
				INFOPLIST_KEY_UIApplicationSceneManifest_Generation = YES;
				INFOPLIST_KEY_UIApplicationSupportsIndirectInputEvents = YES;
				INFOPLIST_KEY_UILaunchScreen_Generation = YES;
				INFOPLIST_KEY_UISupportedInterfaceOrientations_iPad = "UIInterfaceOrientationPortrait UIInterfaceOrientationPortraitUpsideDown UIInterfaceOrientationLandscapeLeft UIInterfaceOrientationLandscapeRight";
				INFOPLIST_KEY_UISupportedInterfaceOrientations_iPhone = "UIInterfaceOrientationPortrait UIInterfaceOrientationLandscapeLeft UIInterfaceOrientationLandscapeRight";
				INFOPLIST_PREPROCESS = YES;
				LD_RUNPATH_SEARCH_PATHS = (
					"$(inherited)",
					"@executable_path/Frameworks",
				);
				MACOSX_DEPLOYMENT_TARGET = 13.0;
				MARKETING_VERSION = 1.0;
				PRODUCT_BUNDLE_IDENTIFIER = "com.akkeylab.c-search.company";
				PRODUCT_NAME = "$(TARGET_NAME)";
				SWIFT_EMIT_LOC_STRINGS = YES;
				SWIFT_VERSION = 5.0;
				TARGETED_DEVICE_FAMILY = "1,2";
			};
			name = Debug;
		};
		F4FDC7FE2998D9A10057D80A /* Release */ = {
			isa = XCBuildConfiguration;
			buildSettings = {
				ASSETCATALOG_COMPILER_APPICON_NAME = AppIcon;
				ASSETCATALOG_COMPILER_GLOBAL_ACCENT_COLOR_NAME = AccentColor;
				CODE_SIGN_ENTITLEMENTS = AppClip/AppClip.entitlements;
				CODE_SIGN_STYLE = Automatic;
				CURRENT_PROJECT_VERSION = 1;
				DEVELOPMENT_ASSET_PATHS = "\"AppClip/PreviewContent\"";
				DEVELOPMENT_TEAM = Y6Y8U7YGDU;
				ENABLE_PREVIEWS = YES;
				GENERATE_INFOPLIST_FILE = YES;
				INFOPLIST_FILE = AppClip/Info.plist;
				INFOPLIST_KEY_CFBundleDisplayName = "c-search";
				INFOPLIST_KEY_LSApplicationCategoryType = "public.app-category.business";
				INFOPLIST_KEY_UIApplicationSceneManifest_Generation = YES;
				INFOPLIST_KEY_UIApplicationSupportsIndirectInputEvents = YES;
				INFOPLIST_KEY_UILaunchScreen_Generation = YES;
				INFOPLIST_KEY_UISupportedInterfaceOrientations_iPad = "UIInterfaceOrientationPortrait UIInterfaceOrientationPortraitUpsideDown UIInterfaceOrientationLandscapeLeft UIInterfaceOrientationLandscapeRight";
				INFOPLIST_KEY_UISupportedInterfaceOrientations_iPhone = "UIInterfaceOrientationPortrait UIInterfaceOrientationLandscapeLeft UIInterfaceOrientationLandscapeRight";
				INFOPLIST_PREPROCESS = YES;
				LD_RUNPATH_SEARCH_PATHS = (
					"$(inherited)",
					"@executable_path/Frameworks",
				);
				MACOSX_DEPLOYMENT_TARGET = 13.0;
				MARKETING_VERSION = 1.0;
				PRODUCT_BUNDLE_IDENTIFIER = "com.akkeylab.c-search.company";
				PRODUCT_NAME = "$(TARGET_NAME)";
				SWIFT_EMIT_LOC_STRINGS = YES;
				SWIFT_VERSION = 5.0;
				TARGETED_DEVICE_FAMILY = "1,2";
			};
			name = Release;
		};
/* End XCBuildConfiguration section */

/* Begin XCConfigurationList section */
		F46CEF5129BD9D610096B6E1 /* Build configuration list for PBXNativeTarget "c-search-widget" */ = {
			isa = XCConfigurationList;
			buildConfigurations = (
				F46CEF4F29BD9D610096B6E1 /* Debug */,
				F46CEF5029BD9D610096B6E1 /* Release */,
			);
			defaultConfigurationIsVisible = 0;
			defaultConfigurationName = Release;
		};
		F4C37D2B296AEE2100D0084B /* Build configuration list for PBXProject "c-search" */ = {
			isa = XCConfigurationList;
			buildConfigurations = (
				F4C37D3C296AEE2200D0084B /* Debug */,
				F4C37D3D296AEE2200D0084B /* Release */,
			);
			defaultConfigurationIsVisible = 0;
			defaultConfigurationName = Release;
		};
		F4C37D3E296AEE2200D0084B /* Build configuration list for PBXNativeTarget "c-search" */ = {
			isa = XCConfigurationList;
			buildConfigurations = (
				F4C37D3F296AEE2200D0084B /* Debug */,
				F4C37D40296AEE2200D0084B /* Release */,
			);
			defaultConfigurationIsVisible = 0;
			defaultConfigurationName = Release;
		};
		F4FDC7FF2998D9A10057D80A /* Build configuration list for PBXNativeTarget "c-search-clip" */ = {
			isa = XCConfigurationList;
			buildConfigurations = (
				F4FDC7FD2998D9A10057D80A /* Debug */,
				F4FDC7FE2998D9A10057D80A /* Release */,
			);
			defaultConfigurationIsVisible = 0;
			defaultConfigurationName = Release;
		};
/* End XCConfigurationList section */

/* Begin XCSwiftPackageProductDependency section */
		F46CEF1429B6538F0096B6E1 /* Search */ = {
			isa = XCSwiftPackageProductDependency;
			productName = Search;
		};
		F496ED6B29C55792009A8B47 /* Widget */ = {
			isa = XCSwiftPackageProductDependency;
			productName = Widget;
		};
		F496ED6D29C5C99B009A8B47 /* Activity */ = {
			isa = XCSwiftPackageProductDependency;
			productName = Activity;
		};
		F4FDC8032998EEA90057D80A /* Clip */ = {
			isa = XCSwiftPackageProductDependency;
			productName = Clip;
		};
/* End XCSwiftPackageProductDependency section */
	};
	rootObject = F4C37D28296AEE2100D0084B /* Project object */;
}
